// !$*UTF8*$!
{
	archiveVersion = 1;
	classes = {
	};
	objectVersion = 46;
	objects = {

/* Begin PBXBuildFile section */
		8484567319D8A846009A30C5 /* AppDelegate.swift in Sources */ = {isa = PBXBuildFile; fileRef = 8484567219D8A846009A30C5 /* AppDelegate.swift */; };
		8484567519D8A846009A30C5 /* ViewController.swift in Sources */ = {isa = PBXBuildFile; fileRef = 8484567419D8A846009A30C5 /* ViewController.swift */; };
		8484567819D8A846009A30C5 /* Main.storyboard in Resources */ = {isa = PBXBuildFile; fileRef = 8484567619D8A846009A30C5 /* Main.storyboard */; };
		8484567A19D8A846009A30C5 /* Images.xcassets in Resources */ = {isa = PBXBuildFile; fileRef = 8484567919D8A846009A30C5 /* Images.xcassets */; };
		8484567D19D8A846009A30C5 /* LaunchScreen.xib in Resources */ = {isa = PBXBuildFile; fileRef = 8484567B19D8A846009A30C5 /* LaunchScreen.xib */; };
		8484568919D8A846009A30C5 /* BlockAnimationSwiftTests.swift in Sources */ = {isa = PBXBuildFile; fileRef = 8484568819D8A846009A30C5 /* BlockAnimationSwiftTests.swift */; };
		8484569319D8A872009A30C5 /* cat_grumpy.png in Resources */ = {isa = PBXBuildFile; fileRef = 8484569219D8A872009A30C5 /* cat_grumpy.png */; };
/* End PBXBuildFile section */

/* Begin PBXContainerItemProxy section */
		8484568319D8A846009A30C5 /* PBXContainerItemProxy */ = {
			isa = PBXContainerItemProxy;
			containerPortal = 8484566519D8A846009A30C5 /* Project object */;
			proxyType = 1;
			remoteGlobalIDString = 8484566C19D8A846009A30C5;
			remoteInfo = BlockAnimationSwift;
		};
/* End PBXContainerItemProxy section */

/* Begin PBXFileReference section */
		8484566D19D8A846009A30C5 /* BlockAnimationSwift.app */ = {isa = PBXFileReference; explicitFileType = wrapper.application; includeInIndex = 0; path = BlockAnimationSwift.app; sourceTree = BUILT_PRODUCTS_DIR; };
		8484567119D8A846009A30C5 /* Info.plist */ = {isa = PBXFileReference; lastKnownFileType = text.plist.xml; path = Info.plist; sourceTree = "<group>"; };
		8484567219D8A846009A30C5 /* AppDelegate.swift */ = {isa = PBXFileReference; lastKnownFileType = sourcecode.swift; path = AppDelegate.swift; sourceTree = "<group>"; };
		8484567419D8A846009A30C5 /* ViewController.swift */ = {isa = PBXFileReference; lastKnownFileType = sourcecode.swift; path = ViewController.swift; sourceTree = "<group>"; };
		8484567719D8A846009A30C5 /* Base */ = {isa = PBXFileReference; lastKnownFileType = file.storyboard; name = Base; path = Base.lproj/Main.storyboard; sourceTree = "<group>"; };
		8484567919D8A846009A30C5 /* Images.xcassets */ = {isa = PBXFileReference; lastKnownFileType = folder.assetcatalog; path = Images.xcassets; sourceTree = "<group>"; };
		8484567C19D8A846009A30C5 /* Base */ = {isa = PBXFileReference; lastKnownFileType = file.xib; name = Base; path = Base.lproj/LaunchScreen.xib; sourceTree = "<group>"; };
		8484568219D8A846009A30C5 /* BlockAnimationSwiftTests.xctest */ = {isa = PBXFileReference; explicitFileType = wrapper.cfbundle; includeInIndex = 0; path = BlockAnimationSwiftTests.xctest; sourceTree = BUILT_PRODUCTS_DIR; };
		8484568719D8A846009A30C5 /* Info.plist */ = {isa = PBXFileReference; lastKnownFileType = text.plist.xml; path = Info.plist; sourceTree = "<group>"; };
		8484568819D8A846009A30C5 /* BlockAnimationSwiftTests.swift */ = {isa = PBXFileReference; lastKnownFileType = sourcecode.swift; path = BlockAnimationSwiftTests.swift; sourceTree = "<group>"; };
		8484569219D8A872009A30C5 /* cat_grumpy.png */ = {isa = PBXFileReference; lastKnownFileType = image.png; path = cat_grumpy.png; sourceTree = "<group>"; };
/* End PBXFileReference section */

/* Begin PBXFrameworksBuildPhase section */
		8484566A19D8A846009A30C5 /* Frameworks */ = {
			isa = PBXFrameworksBuildPhase;
			buildActionMask = 2147483647;
			files = (
			);
			runOnlyForDeploymentPostprocessing = 0;
		};
		8484567F19D8A846009A30C5 /* Frameworks */ = {
			isa = PBXFrameworksBuildPhase;
			buildActionMask = 2147483647;
			files = (
			);
			runOnlyForDeploymentPostprocessing = 0;
		};
/* End PBXFrameworksBuildPhase section */

/* Begin PBXGroup section */
		8484566419D8A846009A30C5 = {
			isa = PBXGroup;
			children = (
				8484566F19D8A846009A30C5 /* BlockAnimationSwift */,
				8484568519D8A846009A30C5 /* BlockAnimationSwiftTests */,
				8484566E19D8A846009A30C5 /* Products */,
			);
			sourceTree = "<group>";
		};
		8484566E19D8A846009A30C5 /* Products */ = {
			isa = PBXGroup;
			children = (
				8484566D19D8A846009A30C5 /* BlockAnimationSwift.app */,
				8484568219D8A846009A30C5 /* BlockAnimationSwiftTests.xctest */,
			);
			name = Products;
			sourceTree = "<group>";
		};
		8484566F19D8A846009A30C5 /* BlockAnimationSwift */ = {
			isa = PBXGroup;
			children = (
				8484567219D8A846009A30C5 /* AppDelegate.swift */,
				8484569219D8A872009A30C5 /* cat_grumpy.png */,
				8484567419D8A846009A30C5 /* ViewController.swift */,
				8484567619D8A846009A30C5 /* Main.storyboard */,
				8484567919D8A846009A30C5 /* Images.xcassets */,
				8484567B19D8A846009A30C5 /* LaunchScreen.xib */,
				8484567019D8A846009A30C5 /* Supporting Files */,
			);
			path = BlockAnimationSwift;
			sourceTree = "<group>";
		};
		8484567019D8A846009A30C5 /* Supporting Files */ = {
			isa = PBXGroup;
			children = (
				8484567119D8A846009A30C5 /* Info.plist */,
			);
			name = "Supporting Files";
			sourceTree = "<group>";
		};
		8484568519D8A846009A30C5 /* BlockAnimationSwiftTests */ = {
			isa = PBXGroup;
			children = (
				8484568819D8A846009A30C5 /* BlockAnimationSwiftTests.swift */,
				8484568619D8A846009A30C5 /* Supporting Files */,
			);
			path = BlockAnimationSwiftTests;
			sourceTree = "<group>";
		};
		8484568619D8A846009A30C5 /* Supporting Files */ = {
			isa = PBXGroup;
			children = (
				8484568719D8A846009A30C5 /* Info.plist */,
			);
			name = "Supporting Files";
			sourceTree = "<group>";
		};
/* End PBXGroup section */

/* Begin PBXNativeTarget section */
		8484566C19D8A846009A30C5 /* BlockAnimationSwift */ = {
			isa = PBXNativeTarget;
			buildConfigurationList = 8484568C19D8A846009A30C5 /* Build configuration list for PBXNativeTarget "BlockAnimationSwift" */;
			buildPhases = (
				8484566919D8A846009A30C5 /* Sources */,
				8484566A19D8A846009A30C5 /* Frameworks */,
				8484566B19D8A846009A30C5 /* Resources */,
			);
			buildRules = (
			);
			dependencies = (
			);
			name = BlockAnimationSwift;
			productName = BlockAnimationSwift;
			productReference = 8484566D19D8A846009A30C5 /* BlockAnimationSwift.app */;
			productType = "com.apple.product-type.application";
		};
		8484568119D8A846009A30C5 /* BlockAnimationSwiftTests */ = {
			isa = PBXNativeTarget;
			buildConfigurationList = 8484568F19D8A846009A30C5 /* Build configuration list for PBXNativeTarget "BlockAnimationSwiftTests" */;
			buildPhases = (
				8484567E19D8A846009A30C5 /* Sources */,
				8484567F19D8A846009A30C5 /* Frameworks */,
				8484568019D8A846009A30C5 /* Resources */,
			);
			buildRules = (
			);
			dependencies = (
				8484568419D8A846009A30C5 /* PBXTargetDependency */,
			);
			name = BlockAnimationSwiftTests;
			productName = BlockAnimationSwiftTests;
			productReference = 8484568219D8A846009A30C5 /* BlockAnimationSwiftTests.xctest */;
			productType = "com.apple.product-type.bundle.unit-test";
		};
/* End PBXNativeTarget section */

/* Begin PBXProject section */
		8484566519D8A846009A30C5 /* Project object */ = {
			isa = PBXProject;
			attributes = {
				LastUpgradeCheck = 0600;
				ORGANIZATIONNAME = VietMinsk;
				TargetAttributes = {
					8484566C19D8A846009A30C5 = {
						CreatedOnToolsVersion = 6.0;
					};
					8484568119D8A846009A30C5 = {
						CreatedOnToolsVersion = 6.0;
						TestTargetID = 8484566C19D8A846009A30C5;
					};
				};
			};
			buildConfigurationList = 8484566819D8A846009A30C5 /* Build configuration list for PBXProject "BlockAnimationSwift" */;
			compatibilityVersion = "Xcode 3.2";
			developmentRegion = English;
			hasScannedForEncodings = 0;
			knownRegions = (
				en,
				Base,
			);
			mainGroup = 8484566419D8A846009A30C5;
			productRefGroup = 8484566E19D8A846009A30C5 /* Products */;
			projectDirPath = "";
			projectRoot = "";
			targets = (
				8484566C19D8A846009A30C5 /* BlockAnimationSwift */,
				8484568119D8A846009A30C5 /* BlockAnimationSwiftTests */,
			);
		};
/* End PBXProject section */

/* Begin PBXResourcesBuildPhase section */
		8484566B19D8A846009A30C5 /* Resources */ = {
			isa = PBXResourcesBuildPhase;
			buildActionMask = 2147483647;
			files = (
				8484569319D8A872009A30C5 /* cat_grumpy.png in Resources */,
				8484567819D8A846009A30C5 /* Main.storyboard in Resources */,
				8484567D19D8A846009A30C5 /* LaunchScreen.xib in Resources */,
				8484567A19D8A846009A30C5 /* Images.xcassets in Resources */,
			);
			runOnlyForDeploymentPostprocessing = 0;
		};
		8484568019D8A846009A30C5 /* Resources */ = {
			isa = PBXResourcesBuildPhase;
			buildActionMask = 2147483647;
			files = (
			);
			runOnlyForDeploymentPostprocessing = 0;
		};
/* End PBXResourcesBuildPhase section */

/* Begin PBXSourcesBuildPhase section */
		8484566919D8A846009A30C5 /* Sources */ = {
			isa = PBXSourcesBuildPhase;
			buildActionMask = 2147483647;
			files = (
				8484567519D8A846009A30C5 /* ViewController.swift in Sources */,
				8484567319D8A846009A30C5 /* AppDelegate.swift in Sources */,
			);
			runOnlyForDeploymentPostprocessing = 0;
		};
		8484567E19D8A846009A30C5 /* Sources */ = {
			isa = PBXSourcesBuildPhase;
			buildActionMask = 2147483647;
			files = (
				8484568919D8A846009A30C5 /* BlockAnimationSwiftTests.swift in Sources */,
			);
			runOnlyForDeploymentPostprocessing = 0;
		};
/* End PBXSourcesBuildPhase section */

/* Begin PBXTargetDependency section */
		8484568419D8A846009A30C5 /* PBXTargetDependency */ = {
			isa = PBXTargetDependency;
			target = 8484566C19D8A846009A30C5 /* BlockAnimationSwift */;
			targetProxy = 8484568319D8A846009A30C5 /* PBXContainerItemProxy */;
		};
/* End PBXTargetDependency section */

/* Begin PBXVariantGroup section */
		8484567619D8A846009A30C5 /* Main.storyboard */ = {
			isa = PBXVariantGroup;
			children = (
				8484567719D8A846009A30C5 /* Base */,
			);
			name = Main.storyboard;
			sourceTree = "<group>";
		};
		8484567B19D8A846009A30C5 /* LaunchScreen.xib */ = {
			isa = PBXVariantGroup;
			children = (
				8484567C19D8A846009A30C5 /* Base */,
			);
			name = LaunchScreen.xib;
			sourceTree = "<group>";
		};
/* End PBXVariantGroup section */

/* Begin XCBuildConfiguration section */
		8484568A19D8A846009A30C5 /* Debug */ = {
			isa = XCBuildConfiguration;
			buildSettings = {
				ALWAYS_SEARCH_USER_PATHS = NO;
				CLANG_CXX_LANGUAGE_STANDARD = "gnu++0x";
				CLANG_CXX_LIBRARY = "libc++";
				CLANG_ENABLE_MODULES = YES;
				CLANG_ENABLE_OBJC_ARC = YES;
				CLANG_WARN_BOOL_CONVERSION = YES;
				CLANG_WARN_CONSTANT_CONVERSION = YES;
				CLANG_WARN_DIRECT_OBJC_ISA_USAGE = YES_ERROR;
				CLANG_WARN_EMPTY_BODY = YES;
				CLANG_WARN_ENUM_CONVERSION = YES;
				CLANG_WARN_INT_CONVERSION = YES;
				CLANG_WARN_OBJC_ROOT_CLASS = YES_ERROR;
				CLANG_WARN_UNREACHABLE_CODE = YES;
				CLANG_WARN__DUPLICATE_METHOD_MATCH = YES;
				"CODE_SIGN_IDENTITY[sdk=iphoneos*]" = "iPhone Developer";
				COPY_PHASE_STRIP = NO;
				ENABLE_STRICT_OBJC_MSGSEND = YES;
				GCC_C_LANGUAGE_STANDARD = gnu99;
				GCC_DYNAMIC_NO_PIC = NO;
				GCC_OPTIMIZATION_LEVEL = 0;
				GCC_PREPROCESSOR_DEFINITIONS = (
					"DEBUG=1",
					"$(inherited)",
				);
				GCC_SYMBOLS_PRIVATE_EXTERN = NO;
				GCC_WARN_64_TO_32_BIT_CONVERSION = YES;
				GCC_WARN_ABOUT_RETURN_TYPE = YES_ERROR;
				GCC_WARN_UNDECLARED_SELECTOR = YES;
				GCC_WARN_UNINITIALIZED_AUTOS = YES_AGGRESSIVE;
				GCC_WARN_UNUSED_FUNCTION = YES;
				GCC_WARN_UNUSED_VARIABLE = YES;
				IPHONEOS_DEPLOYMENT_TARGET = 8.0;
				MTL_ENABLE_DEBUG_INFO = YES;
				ONLY_ACTIVE_ARCH = YES;
				SDKROOT = iphoneos;
				SWIFT_OPTIMIZATION_LEVEL = "-Onone";
			};
			name = Debug;
		};
		8484568B19D8A846009A30C5 /* Release */ = {
			isa = XCBuildConfiguration;
			buildSettings = {
				ALWAYS_SEARCH_USER_PATHS = NO;
				CLANG_CXX_LANGUAGE_STANDARD = "gnu++0x";
				CLANG_CXX_LIBRARY = "libc++";
				CLANG_ENABLE_MODULES = YES;
				CLANG_ENABLE_OBJC_ARC = YES;
				CLANG_WARN_BOOL_CONVERSION = YES;
				CLANG_WARN_CONSTANT_CONVERSION = YES;
				CLANG_WARN_DIRECT_OBJC_ISA_USAGE = YES_ERROR;
				CLANG_WARN_EMPTY_BODY = YES;
				CLANG_WARN_ENUM_CONVERSION = YES;
				CLANG_WARN_INT_CONVERSION = YES;
				CLANG_WARN_OBJC_ROOT_CLASS = YES_ERROR;
				CLANG_WARN_UNREACHABLE_CODE = YES;
				CLANG_WARN__DUPLICATE_METHOD_MATCH = YES;
				"CODE_SIGN_IDENTITY[sdk=iphoneos*]" = "iPhone Developer";
				COPY_PHASE_STRIP = YES;
				ENABLE_NS_ASSERTIONS = NO;
				ENABLE_STRICT_OBJC_MSGSEND = YES;
				GCC_C_LANGUAGE_STANDARD = gnu99;
				GCC_WARN_64_TO_32_BIT_CONVERSION = YES;
				GCC_WARN_ABOUT_RETURN_TYPE = YES_ERROR;
				GCC_WARN_UNDECLARED_SELECTOR = YES;
				GCC_WARN_UNINITIALIZED_AUTOS = YES_AGGRESSIVE;
				GCC_WARN_UNUSED_FUNCTION = YES;
				GCC_WARN_UNUSED_VARIABLE = YES;
				IPHONEOS_DEPLOYMENT_TARGET = 8.0;
				MTL_ENABLE_DEBUG_INFO = NO;
				SDKROOT = iphoneos;
				VALIDATE_PRODUCT = YES;
			};
			name = Release;
		};
		8484568D19D8A846009A30C5 /* Debug */ = {
			isa = XCBuildConfiguration;
			buildSettings = {
				ASSETCATALOG_COMPILER_APPICON_NAME = AppIcon;
				INFOPLIST_FILE = BlockAnimationSwift/Info.plist;
				LD_RUNPATH_SEARCH_PATHS = "$(inherited) @executable_path/Frameworks";
				PRODUCT_NAME = "$(TARGET_NAME)";
			};
			name = Debug;
		};
		8484568E19D8A846009A30C5 /* Release */ = {
			isa = XCBuildConfiguration;
			buildSettings = {
				ASSETCATALOG_COMPILER_APPICON_NAME = AppIcon;
				INFOPLIST_FILE = BlockAnimationSwift/Info.plist;
				LD_RUNPATH_SEARCH_PATHS = "$(inherited) @executable_path/Frameworks";
				PRODUCT_NAME = "$(TARGET_NAME)";
			};
			name = Release;
		};
		8484569019D8A846009A30C5 /* Debug */ = {
			isa = XCBuildConfiguration;
			buildSettings = {
				BUNDLE_LOADER = "$(TEST_HOST)";
				FRAMEWORK_SEARCH_PATHS = (
					"$(SDKROOT)/Developer/Library/Frameworks",
					"$(inherited)",
				);
				GCC_PREPROCESSOR_DEFINITIONS = (
					"DEBUG=1",
					"$(inherited)",
				);
				INFOPLIST_FILE = BlockAnimationSwiftTests/Info.plist;
				LD_RUNPATH_SEARCH_PATHS = "$(inherited) @executable_path/Frameworks @loader_path/Frameworks";
				PRODUCT_NAME = "$(TARGET_NAME)";
				TEST_HOST = "$(BUILT_PRODUCTS_DIR)/BlockAnimationSwift.app/BlockAnimationSwift";
			};
			name = Debug;
		};
		8484569119D8A846009A30C5 /* Release */ = {
			isa = XCBuildConfiguration;
			buildSettings = {
				BUNDLE_LOADER = "$(TEST_HOST)";
				FRAMEWORK_SEARCH_PATHS = (
					"$(SDKROOT)/Developer/Library/Frameworks",
					"$(inherited)",
				);
				INFOPLIST_FILE = BlockAnimationSwiftTests/Info.plist;
				LD_RUNPATH_SEARCH_PATHS = "$(inherited) @executable_path/Frameworks @loader_path/Frameworks";
				PRODUCT_NAME = "$(TARGET_NAME)";
				TEST_HOST = "$(BUILT_PRODUCTS_DIR)/BlockAnimationSwift.app/BlockAnimationSwift";
			};
			name = Release;
		};
/* End XCBuildConfiguration section */

/* Begin XCConfigurationList section */
		8484566819D8A846009A30C5 /* Build configuration list for PBXProject "BlockAnimationSwift" */ = {
			isa = XCConfigurationList;
			buildConfigurations = (
				8484568A19D8A846009A30C5 /* Debug */,
				8484568B19D8A846009A30C5 /* Release */,
			);
			defaultConfigurationIsVisible = 0;
			defaultConfigurationName = Release;
		};
		8484568C19D8A846009A30C5 /* Build configuration list for PBXNativeTarget "BlockAnimationSwift" */ = {
			isa = XCConfigurationList;
			buildConfigurations = (
				8484568D19D8A846009A30C5 /* Debug */,
				8484568E19D8A846009A30C5 /* Release */,
			);
			defaultConfigurationIsVisible = 0;
		};
		8484568F19D8A846009A30C5 /* Build configuration list for PBXNativeTarget "BlockAnimationSwiftTests" */ = {
			isa = XCConfigurationList;
			buildConfigurations = (
				8484569019D8A846009A30C5 /* Debug */,
				8484569119D8A846009A30C5 /* Release */,
			);
			defaultConfigurationIsVisible = 0;
		};
/* End XCConfigurationList section */
	};
	rootObject = 8484566519D8A846009A30C5 /* Project object */;
}
