// !$*UTF8*$!
{
	archiveVersion = 1;
	classes = {
	};
	objectVersion = 46;
	objects = {

/* Begin PBXBuildFile section */
		84B4509119D9603D00EE1DE3 /* AppDelegate.swift in Sources */ = {isa = PBXBuildFile; fileRef = 84B4509019D9603D00EE1DE3 /* AppDelegate.swift */; };
		84B4509319D9603D00EE1DE3 /* ViewController.swift in Sources */ = {isa = PBXBuildFile; fileRef = 84B4509219D9603D00EE1DE3 /* ViewController.swift */; };
		84B4509619D9603D00EE1DE3 /* Main.storyboard in Resources */ = {isa = PBXBuildFile; fileRef = 84B4509419D9603D00EE1DE3 /* Main.storyboard */; };
		84B4509819D9603D00EE1DE3 /* Images.xcassets in Resources */ = {isa = PBXBuildFile; fileRef = 84B4509719D9603D00EE1DE3 /* Images.xcassets */; };
		84B4509B19D9603D00EE1DE3 /* LaunchScreen.xib in Resources */ = {isa = PBXBuildFile; fileRef = 84B4509919D9603D00EE1DE3 /* LaunchScreen.xib */; };
		84B450A719D9603E00EE1DE3 /* RollingBallSwiftTests.swift in Sources */ = {isa = PBXBuildFile; fileRef = 84B450A619D9603E00EE1DE3 /* RollingBallSwiftTests.swift */; };
		84B450B119D9606500EE1DE3 /* football.png in Resources */ = {isa = PBXBuildFile; fileRef = 84B450B019D9606500EE1DE3 /* football.png */; };
/* End PBXBuildFile section */

/* Begin PBXContainerItemProxy section */
		84B450A119D9603E00EE1DE3 /* PBXContainerItemProxy */ = {
			isa = PBXContainerItemProxy;
			containerPortal = 84B4508319D9603D00EE1DE3 /* Project object */;
			proxyType = 1;
			remoteGlobalIDString = 84B4508A19D9603D00EE1DE3;
			remoteInfo = RollingBallSwift;
		};
/* End PBXContainerItemProxy section */

/* Begin PBXFileReference section */
		84B4508B19D9603D00EE1DE3 /* RollingBallSwift.app */ = {isa = PBXFileReference; explicitFileType = wrapper.application; includeInIndex = 0; path = RollingBallSwift.app; sourceTree = BUILT_PRODUCTS_DIR; };
		84B4508F19D9603D00EE1DE3 /* Info.plist */ = {isa = PBXFileReference; lastKnownFileType = text.plist.xml; path = Info.plist; sourceTree = "<group>"; };
		84B4509019D9603D00EE1DE3 /* AppDelegate.swift */ = {isa = PBXFileReference; lastKnownFileType = sourcecode.swift; path = AppDelegate.swift; sourceTree = "<group>"; };
		84B4509219D9603D00EE1DE3 /* ViewController.swift */ = {isa = PBXFileReference; lastKnownFileType = sourcecode.swift; path = ViewController.swift; sourceTree = "<group>"; };
		84B4509519D9603D00EE1DE3 /* Base */ = {isa = PBXFileReference; lastKnownFileType = file.storyboard; name = Base; path = Base.lproj/Main.storyboard; sourceTree = "<group>"; };
		84B4509719D9603D00EE1DE3 /* Images.xcassets */ = {isa = PBXFileReference; lastKnownFileType = folder.assetcatalog; path = Images.xcassets; sourceTree = "<group>"; };
		84B4509A19D9603D00EE1DE3 /* Base */ = {isa = PBXFileReference; lastKnownFileType = file.xib; name = Base; path = Base.lproj/LaunchScreen.xib; sourceTree = "<group>"; };
		84B450A019D9603E00EE1DE3 /* RollingBallSwiftTests.xctest */ = {isa = PBXFileReference; explicitFileType = wrapper.cfbundle; includeInIndex = 0; path = RollingBallSwiftTests.xctest; sourceTree = BUILT_PRODUCTS_DIR; };
		84B450A519D9603E00EE1DE3 /* Info.plist */ = {isa = PBXFileReference; lastKnownFileType = text.plist.xml; path = Info.plist; sourceTree = "<group>"; };
		84B450A619D9603E00EE1DE3 /* RollingBallSwiftTests.swift */ = {isa = PBXFileReference; lastKnownFileType = sourcecode.swift; path = RollingBallSwiftTests.swift; sourceTree = "<group>"; };
		84B450B019D9606500EE1DE3 /* football.png */ = {isa = PBXFileReference; lastKnownFileType = image.png; path = football.png; sourceTree = "<group>"; };
/* End PBXFileReference section */

/* Begin PBXFrameworksBuildPhase section */
		84B4508819D9603D00EE1DE3 /* Frameworks */ = {
			isa = PBXFrameworksBuildPhase;
			buildActionMask = 2147483647;
			files = (
			);
			runOnlyForDeploymentPostprocessing = 0;
		};
		84B4509D19D9603E00EE1DE3 /* Frameworks */ = {
			isa = PBXFrameworksBuildPhase;
			buildActionMask = 2147483647;
			files = (
			);
			runOnlyForDeploymentPostprocessing = 0;
		};
/* End PBXFrameworksBuildPhase section */

/* Begin PBXGroup section */
		84B4508219D9603D00EE1DE3 = {
			isa = PBXGroup;
			children = (
				84B4508D19D9603D00EE1DE3 /* RollingBallSwift */,
				84B450A319D9603E00EE1DE3 /* RollingBallSwiftTests */,
				84B4508C19D9603D00EE1DE3 /* Products */,
			);
			sourceTree = "<group>";
		};
		84B4508C19D9603D00EE1DE3 /* Products */ = {
			isa = PBXGroup;
			children = (
				84B4508B19D9603D00EE1DE3 /* RollingBallSwift.app */,
				84B450A019D9603E00EE1DE3 /* RollingBallSwiftTests.xctest */,
			);
			name = Products;
			sourceTree = "<group>";
		};
		84B4508D19D9603D00EE1DE3 /* RollingBallSwift */ = {
			isa = PBXGroup;
			children = (
				84B4509019D9603D00EE1DE3 /* AppDelegate.swift */,
				84B450B019D9606500EE1DE3 /* football.png */,
				84B4509219D9603D00EE1DE3 /* ViewController.swift */,
				84B4509419D9603D00EE1DE3 /* Main.storyboard */,
				84B4509719D9603D00EE1DE3 /* Images.xcassets */,
				84B4509919D9603D00EE1DE3 /* LaunchScreen.xib */,
				84B4508E19D9603D00EE1DE3 /* Supporting Files */,
			);
			path = RollingBallSwift;
			sourceTree = "<group>";
		};
		84B4508E19D9603D00EE1DE3 /* Supporting Files */ = {
			isa = PBXGroup;
			children = (
				84B4508F19D9603D00EE1DE3 /* Info.plist */,
			);
			name = "Supporting Files";
			sourceTree = "<group>";
		};
		84B450A319D9603E00EE1DE3 /* RollingBallSwiftTests */ = {
			isa = PBXGroup;
			children = (
				84B450A619D9603E00EE1DE3 /* RollingBallSwiftTests.swift */,
				84B450A419D9603E00EE1DE3 /* Supporting Files */,
			);
			path = RollingBallSwiftTests;
			sourceTree = "<group>";
		};
		84B450A419D9603E00EE1DE3 /* Supporting Files */ = {
			isa = PBXGroup;
			children = (
				84B450A519D9603E00EE1DE3 /* Info.plist */,
			);
			name = "Supporting Files";
			sourceTree = "<group>";
		};
/* End PBXGroup section */

/* Begin PBXNativeTarget section */
		84B4508A19D9603D00EE1DE3 /* RollingBallSwift */ = {
			isa = PBXNativeTarget;
			buildConfigurationList = 84B450AA19D9603E00EE1DE3 /* Build configuration list for PBXNativeTarget "RollingBallSwift" */;
			buildPhases = (
				84B4508719D9603D00EE1DE3 /* Sources */,
				84B4508819D9603D00EE1DE3 /* Frameworks */,
				84B4508919D9603D00EE1DE3 /* Resources */,
			);
			buildRules = (
			);
			dependencies = (
			);
			name = RollingBallSwift;
			productName = RollingBallSwift;
			productReference = 84B4508B19D9603D00EE1DE3 /* RollingBallSwift.app */;
			productType = "com.apple.product-type.application";
		};
		84B4509F19D9603E00EE1DE3 /* RollingBallSwiftTests */ = {
			isa = PBXNativeTarget;
			buildConfigurationList = 84B450AD19D9603E00EE1DE3 /* Build configuration list for PBXNativeTarget "RollingBallSwiftTests" */;
			buildPhases = (
				84B4509C19D9603E00EE1DE3 /* Sources */,
				84B4509D19D9603E00EE1DE3 /* Frameworks */,
				84B4509E19D9603E00EE1DE3 /* Resources */,
			);
			buildRules = (
			);
			dependencies = (
				84B450A219D9603E00EE1DE3 /* PBXTargetDependency */,
			);
			name = RollingBallSwiftTests;
			productName = RollingBallSwiftTests;
			productReference = 84B450A019D9603E00EE1DE3 /* RollingBallSwiftTests.xctest */;
			productType = "com.apple.product-type.bundle.unit-test";
		};
/* End PBXNativeTarget section */

/* Begin PBXProject section */
		84B4508319D9603D00EE1DE3 /* Project object */ = {
			isa = PBXProject;
			attributes = {
				LastUpgradeCheck = 0600;
				ORGANIZATIONNAME = VietMinsk;
				TargetAttributes = {
					84B4508A19D9603D00EE1DE3 = {
						CreatedOnToolsVersion = 6.0;
					};
					84B4509F19D9603E00EE1DE3 = {
						CreatedOnToolsVersion = 6.0;
						TestTargetID = 84B4508A19D9603D00EE1DE3;
					};
				};
			};
			buildConfigurationList = 84B4508619D9603D00EE1DE3 /* Build configuration list for PBXProject "RollingBallSwift" */;
			compatibilityVersion = "Xcode 3.2";
			developmentRegion = English;
			hasScannedForEncodings = 0;
			knownRegions = (
				en,
				Base,
			);
			mainGroup = 84B4508219D9603D00EE1DE3;
			productRefGroup = 84B4508C19D9603D00EE1DE3 /* Products */;
			projectDirPath = "";
			projectRoot = "";
			targets = (
				84B4508A19D9603D00EE1DE3 /* RollingBallSwift */,
				84B4509F19D9603E00EE1DE3 /* RollingBallSwiftTests */,
			);
		};
/* End PBXProject section */

/* Begin PBXResourcesBuildPhase section */
		84B4508919D9603D00EE1DE3 /* Resources */ = {
			isa = PBXResourcesBuildPhase;
			buildActionMask = 2147483647;
			files = (
				84B4509619D9603D00EE1DE3 /* Main.storyboard in Resources */,
				84B4509B19D9603D00EE1DE3 /* LaunchScreen.xib in Resources */,
				84B450B119D9606500EE1DE3 /* football.png in Resources */,
				84B4509819D9603D00EE1DE3 /* Images.xcassets in Resources */,
			);
			runOnlyForDeploymentPostprocessing = 0;
		};
		84B4509E19D9603E00EE1DE3 /* Resources */ = {
			isa = PBXResourcesBuildPhase;
			buildActionMask = 2147483647;
			files = (
			);
			runOnlyForDeploymentPostprocessing = 0;
		};
/* End PBXResourcesBuildPhase section */

/* Begin PBXSourcesBuildPhase section */
		84B4508719D9603D00EE1DE3 /* Sources */ = {
			isa = PBXSourcesBuildPhase;
			buildActionMask = 2147483647;
			files = (
				84B4509319D9603D00EE1DE3 /* ViewController.swift in Sources */,
				84B4509119D9603D00EE1DE3 /* AppDelegate.swift in Sources */,
			);
			runOnlyForDeploymentPostprocessing = 0;
		};
		84B4509C19D9603E00EE1DE3 /* Sources */ = {
			isa = PBXSourcesBuildPhase;
			buildActionMask = 2147483647;
			files = (
				84B450A719D9603E00EE1DE3 /* RollingBallSwiftTests.swift in Sources */,
			);
			runOnlyForDeploymentPostprocessing = 0;
		};
/* End PBXSourcesBuildPhase section */

/* Begin PBXTargetDependency section */
		84B450A219D9603E00EE1DE3 /* PBXTargetDependency */ = {
			isa = PBXTargetDependency;
			target = 84B4508A19D9603D00EE1DE3 /* RollingBallSwift */;
			targetProxy = 84B450A119D9603E00EE1DE3 /* PBXContainerItemProxy */;
		};
/* End PBXTargetDependency section */

/* Begin PBXVariantGroup section */
		84B4509419D9603D00EE1DE3 /* Main.storyboard */ = {
			isa = PBXVariantGroup;
			children = (
				84B4509519D9603D00EE1DE3 /* Base */,
			);
			name = Main.storyboard;
			sourceTree = "<group>";
		};
		84B4509919D9603D00EE1DE3 /* LaunchScreen.xib */ = {
			isa = PBXVariantGroup;
			children = (
				84B4509A19D9603D00EE1DE3 /* Base */,
			);
			name = LaunchScreen.xib;
			sourceTree = "<group>";
		};
/* End PBXVariantGroup section */

/* Begin XCBuildConfiguration section */
		84B450A819D9603E00EE1DE3 /* Debug */ = {
			isa = XCBuildConfiguration;
			buildSettings = {
				ALWAYS_SEARCH_USER_PATHS = NO;
				CLANG_CXX_LANGUAGE_STANDARD = "gnu++0x";
				CLANG_CXX_LIBRARY = "libc++";
				CLANG_ENABLE_MODULES = YES;
				CLANG_ENABLE_OBJC_ARC = YES;
				CLANG_WARN_BOOL_CONVERSION = YES;
				CLANG_WARN_CONSTANT_CONVERSION = YES;
				CLANG_WARN_DIRECT_OBJC_ISA_USAGE = YES_ERROR;
				CLANG_WARN_EMPTY_BODY = YES;
				CLANG_WARN_ENUM_CONVERSION = YES;
				CLANG_WARN_INT_CONVERSION = YES;
				CLANG_WARN_OBJC_ROOT_CLASS = YES_ERROR;
				CLANG_WARN_UNREACHABLE_CODE = YES;
				CLANG_WARN__DUPLICATE_METHOD_MATCH = YES;
				"CODE_SIGN_IDENTITY[sdk=iphoneos*]" = "iPhone Developer";
				COPY_PHASE_STRIP = NO;
				ENABLE_STRICT_OBJC_MSGSEND = YES;
				GCC_C_LANGUAGE_STANDARD = gnu99;
				GCC_DYNAMIC_NO_PIC = NO;
				GCC_OPTIMIZATION_LEVEL = 0;
				GCC_PREPROCESSOR_DEFINITIONS = (
					"DEBUG=1",
					"$(inherited)",
				);
				GCC_SYMBOLS_PRIVATE_EXTERN = NO;
				GCC_WARN_64_TO_32_BIT_CONVERSION = YES;
				GCC_WARN_ABOUT_RETURN_TYPE = YES_ERROR;
				GCC_WARN_UNDECLARED_SELECTOR = YES;
				GCC_WARN_UNINITIALIZED_AUTOS = YES_AGGRESSIVE;
				GCC_WARN_UNUSED_FUNCTION = YES;
				GCC_WARN_UNUSED_VARIABLE = YES;
				IPHONEOS_DEPLOYMENT_TARGET = 8.0;
				MTL_ENABLE_DEBUG_INFO = YES;
				ONLY_ACTIVE_ARCH = YES;
				SDKROOT = iphoneos;
				SWIFT_OPTIMIZATION_LEVEL = "-Onone";
			};
			name = Debug;
		};
		84B450A919D9603E00EE1DE3 /* Release */ = {
			isa = XCBuildConfiguration;
			buildSettings = {
				ALWAYS_SEARCH_USER_PATHS = NO;
				CLANG_CXX_LANGUAGE_STANDARD = "gnu++0x";
				CLANG_CXX_LIBRARY = "libc++";
				CLANG_ENABLE_MODULES = YES;
				CLANG_ENABLE_OBJC_ARC = YES;
				CLANG_WARN_BOOL_CONVERSION = YES;
				CLANG_WARN_CONSTANT_CONVERSION = YES;
				CLANG_WARN_DIRECT_OBJC_ISA_USAGE = YES_ERROR;
				CLANG_WARN_EMPTY_BODY = YES;
				CLANG_WARN_ENUM_CONVERSION = YES;
				CLANG_WARN_INT_CONVERSION = YES;
				CLANG_WARN_OBJC_ROOT_CLASS = YES_ERROR;
				CLANG_WARN_UNREACHABLE_CODE = YES;
				CLANG_WARN__DUPLICATE_METHOD_MATCH = YES;
				"CODE_SIGN_IDENTITY[sdk=iphoneos*]" = "iPhone Developer";
				COPY_PHASE_STRIP = YES;
				ENABLE_NS_ASSERTIONS = NO;
				ENABLE_STRICT_OBJC_MSGSEND = YES;
				GCC_C_LANGUAGE_STANDARD = gnu99;
				GCC_WARN_64_TO_32_BIT_CONVERSION = YES;
				GCC_WARN_ABOUT_RETURN_TYPE = YES_ERROR;
				GCC_WARN_UNDECLARED_SELECTOR = YES;
				GCC_WARN_UNINITIALIZED_AUTOS = YES_AGGRESSIVE;
				GCC_WARN_UNUSED_FUNCTION = YES;
				GCC_WARN_UNUSED_VARIABLE = YES;
				IPHONEOS_DEPLOYMENT_TARGET = 8.0;
				MTL_ENABLE_DEBUG_INFO = NO;
				SDKROOT = iphoneos;
				VALIDATE_PRODUCT = YES;
			};
			name = Release;
		};
		84B450AB19D9603E00EE1DE3 /* Debug */ = {
			isa = XCBuildConfiguration;
			buildSettings = {
				ASSETCATALOG_COMPILER_APPICON_NAME = AppIcon;
				INFOPLIST_FILE = RollingBallSwift/Info.plist;
				LD_RUNPATH_SEARCH_PATHS = "$(inherited) @executable_path/Frameworks";
				PRODUCT_NAME = "$(TARGET_NAME)";
			};
			name = Debug;
		};
		84B450AC19D9603E00EE1DE3 /* Release */ = {
			isa = XCBuildConfiguration;
			buildSettings = {
				ASSETCATALOG_COMPILER_APPICON_NAME = AppIcon;
				INFOPLIST_FILE = RollingBallSwift/Info.plist;
				LD_RUNPATH_SEARCH_PATHS = "$(inherited) @executable_path/Frameworks";
				PRODUCT_NAME = "$(TARGET_NAME)";
			};
			name = Release;
		};
		84B450AE19D9603E00EE1DE3 /* Debug */ = {
			isa = XCBuildConfiguration;
			buildSettings = {
				BUNDLE_LOADER = "$(TEST_HOST)";
				FRAMEWORK_SEARCH_PATHS = (
					"$(SDKROOT)/Developer/Library/Frameworks",
					"$(inherited)",
				);
				GCC_PREPROCESSOR_DEFINITIONS = (
					"DEBUG=1",
					"$(inherited)",
				);
				INFOPLIST_FILE = RollingBallSwiftTests/Info.plist;
				LD_RUNPATH_SEARCH_PATHS = "$(inherited) @executable_path/Frameworks @loader_path/Frameworks";
				PRODUCT_NAME = "$(TARGET_NAME)";
				TEST_HOST = "$(BUILT_PRODUCTS_DIR)/RollingBallSwift.app/RollingBallSwift";
			};
			name = Debug;
		};
		84B450AF19D9603E00EE1DE3 /* Release */ = {
			isa = XCBuildConfiguration;
			buildSettings = {
				BUNDLE_LOADER = "$(TEST_HOST)";
				FRAMEWORK_SEARCH_PATHS = (
					"$(SDKROOT)/Developer/Library/Frameworks",
					"$(inherited)",
				);
				INFOPLIST_FILE = RollingBallSwiftTests/Info.plist;
				LD_RUNPATH_SEARCH_PATHS = "$(inherited) @executable_path/Frameworks @loader_path/Frameworks";
				PRODUCT_NAME = "$(TARGET_NAME)";
				TEST_HOST = "$(BUILT_PRODUCTS_DIR)/RollingBallSwift.app/RollingBallSwift";
			};
			name = Release;
		};
/* End XCBuildConfiguration section */

/* Begin XCConfigurationList section */
		84B4508619D9603D00EE1DE3 /* Build configuration list for PBXProject "RollingBallSwift" */ = {
			isa = XCConfigurationList;
			buildConfigurations = (
				84B450A819D9603E00EE1DE3 /* Debug */,
				84B450A919D9603E00EE1DE3 /* Release */,
			);
			defaultConfigurationIsVisible = 0;
			defaultConfigurationName = Release;
		};
		84B450AA19D9603E00EE1DE3 /* Build configuration list for PBXNativeTarget "RollingBallSwift" */ = {
			isa = XCConfigurationList;
			buildConfigurations = (
				84B450AB19D9603E00EE1DE3 /* Debug */,
				84B450AC19D9603E00EE1DE3 /* Release */,
			);
			defaultConfigurationIsVisible = 0;
		};
		84B450AD19D9603E00EE1DE3 /* Build configuration list for PBXNativeTarget "RollingBallSwiftTests" */ = {
			isa = XCConfigurationList;
			buildConfigurations = (
				84B450AE19D9603E00EE1DE3 /* Debug */,
				84B450AF19D9603E00EE1DE3 /* Release */,
			);
			defaultConfigurationIsVisible = 0;
		};
/* End XCConfigurationList section */
	};
	rootObject = 84B4508319D9603D00EE1DE3 /* Project object */;
}
